
Microsoft Visual Studio Solution File, Format Version 12.00
# Visual Studio Version 16
VisualStudioVersion = 16.0.31911.196
MinimumVisualStudioVersion = 10.0.40219.1
Project("{9A19103F-16F7-4668-BE54-9A1E7A4F7556}") = "HotelJsonandInterface", "HotelJsonandInterface.csproj", "{ECE46C61-F7E7-413C-830D-D83A52578DE2}"
EndProject
Global
	GlobalSection(SolutionConfigurationPlatforms) = preSolution
		Debug|Any CPU = Debug|Any CPU
		Release|Any CPU = Release|Any CPU
	EndGlobalSection
	GlobalSection(ProjectConfigurationPlatforms) = postSolution
		{ECE46C61-F7E7-413C-830D-D83A52578DE2}.Debug|Any CPU.ActiveCfg = Debug|Any CPU
		{ECE46C61-F7E7-413C-830D-D83A52578DE2}.Debug|Any CPU.Build.0 = Debug|Any CPU
		{ECE46C61-F7E7-413C-830D-D83A52578DE2}.Release|Any CPU.ActiveCfg = Release|Any CPU
		{ECE46C61-F7E7-413C-830D-D83A52578DE2}.Release|Any CPU.Build.0 = Release|Any CPU
	EndGlobalSection
	GlobalSection(SolutionProperties) = preSolution
		HideSolutionNode = FALSE
	EndGlobalSection
	GlobalSection(ExtensibilityGlobals) = postSolution
		SolutionGuid = {4F19FF3F-B83F-4BE6-AC8C-29D6A88247B6}
	EndGlobalSection
EndGlobal
